
Microsoft Visual Studio Solution File, Format Version 12.00
# Visual Studio Version 17
VisualStudioVersion = 17.0.31903.59
MinimumVisualStudioVersion = 10.0.40219.1
Project("{FAE04EC0-301F-11D3-BF4B-00C04F79EFBC}") = "Server", "Server\Server.csproj", "{4218A0D9-CF84-4477-AE5E-80B87EBD1E8B}"
EndProject
Project("{FAE04EC0-301F-11D3-BF4B-00C04F79EFBC}") = "Client", "Client\Client.csproj", "{4D3B5BFF-13C1-4407-8DBF-8CD8E8497B88}"
EndProject
Global
	GlobalSection(SolutionConfigurationPlatforms) = preSolution
		Debug|Any CPU = Debug|Any CPU
		Release|Any CPU = Release|Any CPU
	EndGlobalSection
	GlobalSection(SolutionProperties) = preSolution
		HideSolutionNode = FALSE
	EndGlobalSection
	GlobalSection(ProjectConfigurationPlatforms) = postSolution
		{4218A0D9-CF84-4477-AE5E-80B87EBD1E8B}.Debug|Any CPU.ActiveCfg = Debug|Any CPU
		{4218A0D9-CF84-4477-AE5E-80B87EBD1E8B}.Debug|Any CPU.Build.0 = Debug|Any CPU
		{4218A0D9-CF84-4477-AE5E-80B87EBD1E8B}.Release|Any CPU.ActiveCfg = Release|Any CPU
		{4218A0D9-CF84-4477-AE5E-80B87EBD1E8B}.Release|Any CPU.Build.0 = Release|Any CPU
		{4D3B5BFF-13C1-4407-8DBF-8CD8E8497B88}.Debug|Any CPU.ActiveCfg = Debug|Any CPU
		{4D3B5BFF-13C1-4407-8DBF-8CD8E8497B88}.Debug|Any CPU.Build.0 = Debug|Any CPU
		{4D3B5BFF-13C1-4407-8DBF-8CD8E8497B88}.Release|Any CPU.ActiveCfg = Release|Any CPU
		{4D3B5BFF-13C1-4407-8DBF-8CD8E8497B88}.Release|Any CPU.Build.0 = Release|Any CPU
	EndGlobalSection
EndGlobal
